
Microsoft Visual Studio Solution File, Format Version 12.00
# Visual Studio Version 17
VisualStudioVersion = 17.13.35806.99 d17.13
MinimumVisualStudioVersion = 10.0.40219.1
Project("{FAE04EC0-301F-11D3-BF4B-00C04F79EFBC}") = "Otlob.API", "Otlob.API\Otlob.API.csproj", "{281C56F5-342E-2F7C-541B-6067D1A482BD}"
EndProject
Project("{FAE04EC0-301F-11D3-BF4B-00C04F79EFBC}") = "Otlob.Core", "Otlob.Core\Otlob.Core.csproj", "{814C3795-B118-5C8F-C51D-FBD108D89FAC}"
EndProject
Project("{FAE04EC0-301F-11D3-BF4B-00C04F79EFBC}") = "Otlob.Repository", "Otlob.Repository\Otlob.Repository.csproj", "{DC7A7788-9DEE-F48A-5D87-0F587CB99853}"
EndProject
Project("{FAE04EC0-301F-11D3-BF4B-00C04F79EFBC}") = "Otlob.Service", "Otlob.Service\Otlob.Service.csproj", "{80185B25-18D5-198B-245F-5E124413227F}"
EndProject
Global
	GlobalSection(SolutionConfigurationPlatforms) = preSolution
		Debug|Any CPU = Debug|Any CPU
		Release|Any CPU = Release|Any CPU
	EndGlobalSection
	GlobalSection(ProjectConfigurationPlatforms) = postSolution
		{281C56F5-342E-2F7C-541B-6067D1A482BD}.Debug|Any CPU.ActiveCfg = Debug|Any CPU
		{281C56F5-342E-2F7C-541B-6067D1A482BD}.Debug|Any CPU.Build.0 = Debug|Any CPU
		{281C56F5-342E-2F7C-541B-6067D1A482BD}.Release|Any CPU.ActiveCfg = Release|Any CPU
		{281C56F5-342E-2F7C-541B-6067D1A482BD}.Release|Any CPU.Build.0 = Release|Any CPU
		{814C3795-B118-5C8F-C51D-FBD108D89FAC}.Debug|Any CPU.ActiveCfg = Debug|Any CPU
		{814C3795-B118-5C8F-C51D-FBD108D89FAC}.Debug|Any CPU.Build.0 = Debug|Any CPU
		{814C3795-B118-5C8F-C51D-FBD108D89FAC}.Release|Any CPU.ActiveCfg = Release|Any CPU
		{814C3795-B118-5C8F-C51D-FBD108D89FAC}.Release|Any CPU.Build.0 = Release|Any CPU
		{DC7A7788-9DEE-F48A-5D87-0F587CB99853}.Debug|Any CPU.ActiveCfg = Debug|Any CPU
		{DC7A7788-9DEE-F48A-5D87-0F587CB99853}.Debug|Any CPU.Build.0 = Debug|Any CPU
		{DC7A7788-9DEE-F48A-5D87-0F587CB99853}.Release|Any CPU.ActiveCfg = Release|Any CPU
		{DC7A7788-9DEE-F48A-5D87-0F587CB99853}.Release|Any CPU.Build.0 = Release|Any CPU
		{80185B25-18D5-198B-245F-5E124413227F}.Debug|Any CPU.ActiveCfg = Debug|Any CPU
		{80185B25-18D5-198B-245F-5E124413227F}.Debug|Any CPU.Build.0 = Debug|Any CPU
		{80185B25-18D5-198B-245F-5E124413227F}.Release|Any CPU.ActiveCfg = Release|Any CPU
		{80185B25-18D5-198B-245F-5E124413227F}.Release|Any CPU.Build.0 = Release|Any CPU
	EndGlobalSection
	GlobalSection(SolutionProperties) = preSolution
		HideSolutionNode = FALSE
	EndGlobalSection
	GlobalSection(ExtensibilityGlobals) = postSolution
		SolutionGuid = {E2789A54-732E-432B-A236-4F3038FD2A16}
	EndGlobalSection
EndGlobal
